// !$*UTF8*$!
{
	archiveVersion = 1;
	classes = {
	};
	objectVersion = 56;
	objects = {

/* Begin PBXBuildFile section */
		505E7E512A3AE0A10056F311 /* BucketListApp.swift in Sources */ = {isa = PBXBuildFile; fileRef = 505E7E502A3AE0A10056F311 /* BucketListApp.swift */; };
		505E7E532A3AE0A10056F311 /* ContentView.swift in Sources */ = {isa = PBXBuildFile; fileRef = 505E7E522A3AE0A10056F311 /* ContentView.swift */; };
		505E7E552A3AE0A20056F311 /* Assets.xcassets in Resources */ = {isa = PBXBuildFile; fileRef = 505E7E542A3AE0A20056F311 /* Assets.xcassets */; };
		505E7E582A3AE0A20056F311 /* Preview Assets.xcassets in Resources */ = {isa = PBXBuildFile; fileRef = 505E7E572A3AE0A20056F311 /* Preview Assets.xcassets */; };
		505E7E622A3AE0A20056F311 /* BucketListTests.swift in Sources */ = {isa = PBXBuildFile; fileRef = 505E7E612A3AE0A20056F311 /* BucketListTests.swift */; };
		505E7E6C2A3AE0A20056F311 /* BucketListUITests.swift in Sources */ = {isa = PBXBuildFile; fileRef = 505E7E6B2A3AE0A20056F311 /* BucketListUITests.swift */; };
		505E7E6E2A3AE0A20056F311 /* BucketListUITestsLaunchTests.swift in Sources */ = {isa = PBXBuildFile; fileRef = 505E7E6D2A3AE0A20056F311 /* BucketListUITestsLaunchTests.swift */; };
		505E7E7B2A3B3EB20056F311 /* Location.swift in Sources */ = {isa = PBXBuildFile; fileRef = 505E7E7A2A3B3EB20056F311 /* Location.swift */; };
		50859DF12A3C3CB600DA7AF8 /* EditView.swift in Sources */ = {isa = PBXBuildFile; fileRef = 50859DF02A3C3CB600DA7AF8 /* EditView.swift */; };
		50859DF32A3C817D00DA7AF8 /* Result.swift in Sources */ = {isa = PBXBuildFile; fileRef = 50859DF22A3C817D00DA7AF8 /* Result.swift */; };
		50859DF52A3D714B00DA7AF8 /* ContentView-ViewModel.swift in Sources */ = {isa = PBXBuildFile; fileRef = 50859DF42A3D714B00DA7AF8 /* ContentView-ViewModel.swift */; };
		50859DF72A3D76FC00DA7AF8 /* FileManager-DocumentsDirectory.swift in Sources */ = {isa = PBXBuildFile; fileRef = 50859DF62A3D76FC00DA7AF8 /* FileManager-DocumentsDirectory.swift */; };
/* End PBXBuildFile section */

/* Begin PBXContainerItemProxy section */
		505E7E5E2A3AE0A20056F311 /* PBXContainerItemProxy */ = {
			isa = PBXContainerItemProxy;
			containerPortal = 505E7E452A3AE0A10056F311 /* Project object */;
			proxyType = 1;
			remoteGlobalIDString = 505E7E4C2A3AE0A10056F311;
			remoteInfo = BucketList;
		};
		505E7E682A3AE0A20056F311 /* PBXContainerItemProxy */ = {
			isa = PBXContainerItemProxy;
			containerPortal = 505E7E452A3AE0A10056F311 /* Project object */;
			proxyType = 1;
			remoteGlobalIDString = 505E7E4C2A3AE0A10056F311;
			remoteInfo = BucketList;
		};
/* End PBXContainerItemProxy section */

/* Begin PBXFileReference section */
		505E7E4D2A3AE0A10056F311 /* BucketList.app */ = {isa = PBXFileReference; explicitFileType = wrapper.application; includeInIndex = 0; path = BucketList.app; sourceTree = BUILT_PRODUCTS_DIR; };
		505E7E502A3AE0A10056F311 /* BucketListApp.swift */ = {isa = PBXFileReference; lastKnownFileType = sourcecode.swift; path = BucketListApp.swift; sourceTree = "<group>"; };
		505E7E522A3AE0A10056F311 /* ContentView.swift */ = {isa = PBXFileReference; lastKnownFileType = sourcecode.swift; path = ContentView.swift; sourceTree = "<group>"; };
		505E7E542A3AE0A20056F311 /* Assets.xcassets */ = {isa = PBXFileReference; lastKnownFileType = folder.assetcatalog; path = Assets.xcassets; sourceTree = "<group>"; };
		505E7E572A3AE0A20056F311 /* Preview Assets.xcassets */ = {isa = PBXFileReference; lastKnownFileType = folder.assetcatalog; path = "Preview Assets.xcassets"; sourceTree = "<group>"; };
		505E7E5D2A3AE0A20056F311 /* BucketListTests.xctest */ = {isa = PBXFileReference; explicitFileType = wrapper.cfbundle; includeInIndex = 0; path = BucketListTests.xctest; sourceTree = BUILT_PRODUCTS_DIR; };
		505E7E612A3AE0A20056F311 /* BucketListTests.swift */ = {isa = PBXFileReference; lastKnownFileType = sourcecode.swift; path = BucketListTests.swift; sourceTree = "<group>"; };
		505E7E672A3AE0A20056F311 /* BucketListUITests.xctest */ = {isa = PBXFileReference; explicitFileType = wrapper.cfbundle; includeInIndex = 0; path = BucketListUITests.xctest; sourceTree = BUILT_PRODUCTS_DIR; };
		505E7E6B2A3AE0A20056F311 /* BucketListUITests.swift */ = {isa = PBXFileReference; lastKnownFileType = sourcecode.swift; path = BucketListUITests.swift; sourceTree = "<group>"; };
		505E7E6D2A3AE0A20056F311 /* BucketListUITestsLaunchTests.swift */ = {isa = PBXFileReference; lastKnownFileType = sourcecode.swift; path = BucketListUITestsLaunchTests.swift; sourceTree = "<group>"; };
		505E7E7A2A3B3EB20056F311 /* Location.swift */ = {isa = PBXFileReference; lastKnownFileType = sourcecode.swift; path = Location.swift; sourceTree = "<group>"; };
		50859DF02A3C3CB600DA7AF8 /* EditView.swift */ = {isa = PBXFileReference; lastKnownFileType = sourcecode.swift; path = EditView.swift; sourceTree = "<group>"; };
		50859DF22A3C817D00DA7AF8 /* Result.swift */ = {isa = PBXFileReference; lastKnownFileType = sourcecode.swift; path = Result.swift; sourceTree = "<group>"; };
		50859DF42A3D714B00DA7AF8 /* ContentView-ViewModel.swift */ = {isa = PBXFileReference; lastKnownFileType = sourcecode.swift; path = "ContentView-ViewModel.swift"; sourceTree = "<group>"; };
		50859DF62A3D76FC00DA7AF8 /* FileManager-DocumentsDirectory.swift */ = {isa = PBXFileReference; lastKnownFileType = sourcecode.swift; path = "FileManager-DocumentsDirectory.swift"; sourceTree = "<group>"; };
/* End PBXFileReference section */

/* Begin PBXFrameworksBuildPhase section */
		505E7E4A2A3AE0A10056F311 /* Frameworks */ = {
			isa = PBXFrameworksBuildPhase;
			buildActionMask = 2147483647;
			files = (
			);
			runOnlyForDeploymentPostprocessing = 0;
		};
		505E7E5A2A3AE0A20056F311 /* Frameworks */ = {
			isa = PBXFrameworksBuildPhase;
			buildActionMask = 2147483647;
			files = (
			);
			runOnlyForDeploymentPostprocessing = 0;
		};
		505E7E642A3AE0A20056F311 /* Frameworks */ = {
			isa = PBXFrameworksBuildPhase;
			buildActionMask = 2147483647;
			files = (
			);
			runOnlyForDeploymentPostprocessing = 0;
		};
/* End PBXFrameworksBuildPhase section */

/* Begin PBXGroup section */
		505E7E442A3AE0A10056F311 = {
			isa = PBXGroup;
			children = (
				505E7E4F2A3AE0A10056F311 /* BucketList */,
				505E7E602A3AE0A20056F311 /* BucketListTests */,
				505E7E6A2A3AE0A20056F311 /* BucketListUITests */,
				505E7E4E2A3AE0A10056F311 /* Products */,
			);
			sourceTree = "<group>";
		};
		505E7E4E2A3AE0A10056F311 /* Products */ = {
			isa = PBXGroup;
			children = (
				505E7E4D2A3AE0A10056F311 /* BucketList.app */,
				505E7E5D2A3AE0A20056F311 /* BucketListTests.xctest */,
				505E7E672A3AE0A20056F311 /* BucketListUITests.xctest */,
			);
			name = Products;
			sourceTree = "<group>";
		};
		505E7E4F2A3AE0A10056F311 /* BucketList */ = {
			isa = PBXGroup;
			children = (
				505E7E502A3AE0A10056F311 /* BucketListApp.swift */,
				505E7E522A3AE0A10056F311 /* ContentView.swift */,
				50859DF62A3D76FC00DA7AF8 /* FileManager-DocumentsDirectory.swift */,
				50859DF42A3D714B00DA7AF8 /* ContentView-ViewModel.swift */,
				50859DF22A3C817D00DA7AF8 /* Result.swift */,
				50859DF02A3C3CB600DA7AF8 /* EditView.swift */,
				505E7E7A2A3B3EB20056F311 /* Location.swift */,
				505E7E542A3AE0A20056F311 /* Assets.xcassets */,
				505E7E562A3AE0A20056F311 /* Preview Content */,
			);
			path = BucketList;
			sourceTree = "<group>";
		};
		505E7E562A3AE0A20056F311 /* Preview Content */ = {
			isa = PBXGroup;
			children = (
				505E7E572A3AE0A20056F311 /* Preview Assets.xcassets */,
			);
			path = "Preview Content";
			sourceTree = "<group>";
		};
		505E7E602A3AE0A20056F311 /* BucketListTests */ = {
			isa = PBXGroup;
			children = (
				505E7E612A3AE0A20056F311 /* BucketListTests.swift */,
			);
			path = BucketListTests;
			sourceTree = "<group>";
		};
		505E7E6A2A3AE0A20056F311 /* BucketListUITests */ = {
			isa = PBXGroup;
			children = (
				505E7E6B2A3AE0A20056F311 /* BucketListUITests.swift */,
				505E7E6D2A3AE0A20056F311 /* BucketListUITestsLaunchTests.swift */,
			);
			path = BucketListUITests;
			sourceTree = "<group>";
		};
/* End PBXGroup section */

/* Begin PBXNativeTarget section */
		505E7E4C2A3AE0A10056F311 /* BucketList */ = {
			isa = PBXNativeTarget;
			buildConfigurationList = 505E7E712A3AE0A20056F311 /* Build configuration list for PBXNativeTarget "BucketList" */;
			buildPhases = (
				505E7E492A3AE0A10056F311 /* Sources */,
				505E7E4A2A3AE0A10056F311 /* Frameworks */,
				505E7E4B2A3AE0A10056F311 /* Resources */,
			);
			buildRules = (
			);
			dependencies = (
			);
			name = BucketList;
			productName = BucketList;
			productReference = 505E7E4D2A3AE0A10056F311 /* BucketList.app */;
			productType = "com.apple.product-type.application";
		};
		505E7E5C2A3AE0A20056F311 /* BucketListTests */ = {
			isa = PBXNativeTarget;
			buildConfigurationList = 505E7E742A3AE0A20056F311 /* Build configuration list for PBXNativeTarget "BucketListTests" */;
			buildPhases = (
				505E7E592A3AE0A20056F311 /* Sources */,
				505E7E5A2A3AE0A20056F311 /* Frameworks */,
				505E7E5B2A3AE0A20056F311 /* Resources */,
			);
			buildRules = (
			);
			dependencies = (
				505E7E5F2A3AE0A20056F311 /* PBXTargetDependency */,
			);
			name = BucketListTests;
			productName = BucketListTests;
			productReference = 505E7E5D2A3AE0A20056F311 /* BucketListTests.xctest */;
			productType = "com.apple.product-type.bundle.unit-test";
		};
		505E7E662A3AE0A20056F311 /* BucketListUITests */ = {
			isa = PBXNativeTarget;
			buildConfigurationList = 505E7E772A3AE0A20056F311 /* Build configuration list for PBXNativeTarget "BucketListUITests" */;
			buildPhases = (
				505E7E632A3AE0A20056F311 /* Sources */,
				505E7E642A3AE0A20056F311 /* Frameworks */,
				505E7E652A3AE0A20056F311 /* Resources */,
			);
			buildRules = (
			);
			dependencies = (
				505E7E692A3AE0A20056F311 /* PBXTargetDependency */,
			);
			name = BucketListUITests;
			productName = BucketListUITests;
			productReference = 505E7E672A3AE0A20056F311 /* BucketListUITests.xctest */;
			productType = "com.apple.product-type.bundle.ui-testing";
		};
/* End PBXNativeTarget section */

/* Begin PBXProject section */
		505E7E452A3AE0A10056F311 /* Project object */ = {
			isa = PBXProject;
			attributes = {
				BuildIndependentTargetsInParallel = 1;
				LastSwiftUpdateCheck = 1430;
				LastUpgradeCheck = 1430;
				TargetAttributes = {
					505E7E4C2A3AE0A10056F311 = {
						CreatedOnToolsVersion = 14.3;
					};
					505E7E5C2A3AE0A20056F311 = {
						CreatedOnToolsVersion = 14.3;
						TestTargetID = 505E7E4C2A3AE0A10056F311;
					};
					505E7E662A3AE0A20056F311 = {
						CreatedOnToolsVersion = 14.3;
						TestTargetID = 505E7E4C2A3AE0A10056F311;
					};
				};
			};
			buildConfigurationList = 505E7E482A3AE0A10056F311 /* Build configuration list for PBXProject "BucketList" */;
			compatibilityVersion = "Xcode 14.0";
			developmentRegion = en;
			hasScannedForEncodings = 0;
			knownRegions = (
				en,
				Base,
			);
			mainGroup = 505E7E442A3AE0A10056F311;
			productRefGroup = 505E7E4E2A3AE0A10056F311 /* Products */;
			projectDirPath = "";
			projectRoot = "";
			targets = (
				505E7E4C2A3AE0A10056F311 /* BucketList */,
				505E7E5C2A3AE0A20056F311 /* BucketListTests */,
				505E7E662A3AE0A20056F311 /* BucketListUITests */,
			);
		};
/* End PBXProject section */

/* Begin PBXResourcesBuildPhase section */
		505E7E4B2A3AE0A10056F311 /* Resources */ = {
			isa = PBXResourcesBuildPhase;
			buildActionMask = 2147483647;
			files = (
				505E7E582A3AE0A20056F311 /* Preview Assets.xcassets in Resources */,
				505E7E552A3AE0A20056F311 /* Assets.xcassets in Resources */,
			);
			runOnlyForDeploymentPostprocessing = 0;
		};
		505E7E5B2A3AE0A20056F311 /* Resources */ = {
			isa = PBXResourcesBuildPhase;
			buildActionMask = 2147483647;
			files = (
			);
			runOnlyForDeploymentPostprocessing = 0;
		};
		505E7E652A3AE0A20056F311 /* Resources */ = {
			isa = PBXResourcesBuildPhase;
			buildActionMask = 2147483647;
			files = (
			);
			runOnlyForDeploymentPostprocessing = 0;
		};
/* End PBXResourcesBuildPhase section */

/* Begin PBXSourcesBuildPhase section */
		505E7E492A3AE0A10056F311 /* Sources */ = {
			isa = PBXSourcesBuildPhase;
			buildActionMask = 2147483647;
			files = (
				505E7E532A3AE0A10056F311 /* ContentView.swift in Sources */,
				50859DF72A3D76FC00DA7AF8 /* FileManager-DocumentsDirectory.swift in Sources */,
				50859DF52A3D714B00DA7AF8 /* ContentView-ViewModel.swift in Sources */,
				50859DF32A3C817D00DA7AF8 /* Result.swift in Sources */,
				505E7E7B2A3B3EB20056F311 /* Location.swift in Sources */,
				50859DF12A3C3CB600DA7AF8 /* EditView.swift in Sources */,
				505E7E512A3AE0A10056F311 /* BucketListApp.swift in Sources */,
			);
			runOnlyForDeploymentPostprocessing = 0;
		};
		505E7E592A3AE0A20056F311 /* Sources */ = {
			isa = PBXSourcesBuildPhase;
			buildActionMask = 2147483647;
			files = (
				505E7E622A3AE0A20056F311 /* BucketListTests.swift in Sources */,
			);
			runOnlyForDeploymentPostprocessing = 0;
		};
		505E7E632A3AE0A20056F311 /* Sources */ = {
			isa = PBXSourcesBuildPhase;
			buildActionMask = 2147483647;
			files = (
				505E7E6E2A3AE0A20056F311 /* BucketListUITestsLaunchTests.swift in Sources */,
				505E7E6C2A3AE0A20056F311 /* BucketListUITests.swift in Sources */,
			);
			runOnlyForDeploymentPostprocessing = 0;
		};
/* End PBXSourcesBuildPhase section */

/* Begin PBXTargetDependency section */
		505E7E5F2A3AE0A20056F311 /* PBXTargetDependency */ = {
			isa = PBXTargetDependency;
			target = 505E7E4C2A3AE0A10056F311 /* BucketList */;
			targetProxy = 505E7E5E2A3AE0A20056F311 /* PBXContainerItemProxy */;
		};
		505E7E692A3AE0A20056F311 /* PBXTargetDependency */ = {
			isa = PBXTargetDependency;
			target = 505E7E4C2A3AE0A10056F311 /* BucketList */;
			targetProxy = 505E7E682A3AE0A20056F311 /* PBXContainerItemProxy */;
		};
/* End PBXTargetDependency section */

/* Begin XCBuildConfiguration section */
		505E7E6F2A3AE0A20056F311 /* Debug */ = {
			isa = XCBuildConfiguration;
			buildSettings = {
				ALWAYS_SEARCH_USER_PATHS = NO;
				CLANG_ANALYZER_NONNULL = YES;
				CLANG_ANALYZER_NUMBER_OBJECT_CONVERSION = YES_AGGRESSIVE;
				CLANG_CXX_LANGUAGE_STANDARD = "gnu++20";
				CLANG_ENABLE_MODULES = YES;
				CLANG_ENABLE_OBJC_ARC = YES;
				CLANG_ENABLE_OBJC_WEAK = YES;
				CLANG_WARN_BLOCK_CAPTURE_AUTORELEASING = YES;
				CLANG_WARN_BOOL_CONVERSION = YES;
				CLANG_WARN_COMMA = YES;
				CLANG_WARN_CONSTANT_CONVERSION = YES;
				CLANG_WARN_DEPRECATED_OBJC_IMPLEMENTATIONS = YES;
				CLANG_WARN_DIRECT_OBJC_ISA_USAGE = YES_ERROR;
				CLANG_WARN_DOCUMENTATION_COMMENTS = YES;
				CLANG_WARN_EMPTY_BODY = YES;
				CLANG_WARN_ENUM_CONVERSION = YES;
				CLANG_WARN_INFINITE_RECURSION = YES;
				CLANG_WARN_INT_CONVERSION = YES;
				CLANG_WARN_NON_LITERAL_NULL_CONVERSION = YES;
				CLANG_WARN_OBJC_IMPLICIT_RETAIN_SELF = YES;
				CLANG_WARN_OBJC_LITERAL_CONVERSION = YES;
				CLANG_WARN_OBJC_ROOT_CLASS = YES_ERROR;
				CLANG_WARN_QUOTED_INCLUDE_IN_FRAMEWORK_HEADER = YES;
				CLANG_WARN_RANGE_LOOP_ANALYSIS = YES;
				CLANG_WARN_STRICT_PROTOTYPES = YES;
				CLANG_WARN_SUSPICIOUS_MOVE = YES;
				CLANG_WARN_UNGUARDED_AVAILABILITY = YES_AGGRESSIVE;
				CLANG_WARN_UNREACHABLE_CODE = YES;
				CLANG_WARN__DUPLICATE_METHOD_MATCH = YES;
				COPY_PHASE_STRIP = NO;
				DEBUG_INFORMATION_FORMAT = dwarf;
				ENABLE_STRICT_OBJC_MSGSEND = YES;
				ENABLE_TESTABILITY = YES;
				GCC_C_LANGUAGE_STANDARD = gnu11;
				GCC_DYNAMIC_NO_PIC = NO;
				GCC_NO_COMMON_BLOCKS = YES;
				GCC_OPTIMIZATION_LEVEL = 0;
				GCC_PREPROCESSOR_DEFINITIONS = (
					"DEBUG=1",
					"$(inherited)",
				);
				GCC_WARN_64_TO_32_BIT_CONVERSION = YES;
				GCC_WARN_ABOUT_RETURN_TYPE = YES_ERROR;
				GCC_WARN_UNDECLARED_SELECTOR = YES;
				GCC_WARN_UNINITIALIZED_AUTOS = YES_AGGRESSIVE;
				GCC_WARN_UNUSED_FUNCTION = YES;
				GCC_WARN_UNUSED_VARIABLE = YES;
				IPHONEOS_DEPLOYMENT_TARGET = 16.4;
				MTL_ENABLE_DEBUG_INFO = INCLUDE_SOURCE;
				MTL_FAST_MATH = YES;
				ONLY_ACTIVE_ARCH = YES;
				SDKROOT = iphoneos;
				SWIFT_ACTIVE_COMPILATION_CONDITIONS = DEBUG;
				SWIFT_OPTIMIZATION_LEVEL = "-Onone";
			};
			name = Debug;
		};
		505E7E702A3AE0A20056F311 /* Release */ = {
			isa = XCBuildConfiguration;
			buildSettings = {
				ALWAYS_SEARCH_USER_PATHS = NO;
				CLANG_ANALYZER_NONNULL = YES;
				CLANG_ANALYZER_NUMBER_OBJECT_CONVERSION = YES_AGGRESSIVE;
				CLANG_CXX_LANGUAGE_STANDARD = "gnu++20";
				CLANG_ENABLE_MODULES = YES;
				CLANG_ENABLE_OBJC_ARC = YES;
				CLANG_ENABLE_OBJC_WEAK = YES;
				CLANG_WARN_BLOCK_CAPTURE_AUTORELEASING = YES;
				CLANG_WARN_BOOL_CONVERSION = YES;
				CLANG_WARN_COMMA = YES;
				CLANG_WARN_CONSTANT_CONVERSION = YES;
				CLANG_WARN_DEPRECATED_OBJC_IMPLEMENTATIONS = YES;
				CLANG_WARN_DIRECT_OBJC_ISA_USAGE = YES_ERROR;
				CLANG_WARN_DOCUMENTATION_COMMENTS = YES;
				CLANG_WARN_EMPTY_BODY = YES;
				CLANG_WARN_ENUM_CONVERSION = YES;
				CLANG_WARN_INFINITE_RECURSION = YES;
				CLANG_WARN_INT_CONVERSION = YES;
				CLANG_WARN_NON_LITERAL_NULL_CONVERSION = YES;
				CLANG_WARN_OBJC_IMPLICIT_RETAIN_SELF = YES;
				CLANG_WARN_OBJC_LITERAL_CONVERSION = YES;
				CLANG_WARN_OBJC_ROOT_CLASS = YES_ERROR;
				CLANG_WARN_QUOTED_INCLUDE_IN_FRAMEWORK_HEADER = YES;
				CLANG_WARN_RANGE_LOOP_ANALYSIS = YES;
				CLANG_WARN_STRICT_PROTOTYPES = YES;
				CLANG_WARN_SUSPICIOUS_MOVE = YES;
				CLANG_WARN_UNGUARDED_AVAILABILITY = YES_AGGRESSIVE;
				CLANG_WARN_UNREACHABLE_CODE = YES;
				CLANG_WARN__DUPLICATE_METHOD_MATCH = YES;
				COPY_PHASE_STRIP = NO;
				DEBUG_INFORMATION_FORMAT = "dwarf-with-dsym";
				ENABLE_NS_ASSERTIONS = NO;
				ENABLE_STRICT_OBJC_MSGSEND = YES;
				GCC_C_LANGUAGE_STANDARD = gnu11;
				GCC_NO_COMMON_BLOCKS = YES;
				GCC_WARN_64_TO_32_BIT_CONVERSION = YES;
				GCC_WARN_ABOUT_RETURN_TYPE = YES_ERROR;
				GCC_WARN_UNDECLARED_SELECTOR = YES;
				GCC_WARN_UNINITIALIZED_AUTOS = YES_AGGRESSIVE;
				GCC_WARN_UNUSED_FUNCTION = YES;
				GCC_WARN_UNUSED_VARIABLE = YES;
				IPHONEOS_DEPLOYMENT_TARGET = 16.4;
				MTL_ENABLE_DEBUG_INFO = NO;
				MTL_FAST_MATH = YES;
				SDKROOT = iphoneos;
				SWIFT_COMPILATION_MODE = wholemodule;
				SWIFT_OPTIMIZATION_LEVEL = "-O";
				VALIDATE_PRODUCT = YES;
			};
			name = Release;
		};
		505E7E722A3AE0A20056F311 /* Debug */ = {
			isa = XCBuildConfiguration;
			buildSettings = {
				ASSETCATALOG_COMPILER_APPICON_NAME = AppIcon;
				ASSETCATALOG_COMPILER_GLOBAL_ACCENT_COLOR_NAME = AccentColor;
				CODE_SIGN_STYLE = Automatic;
				CURRENT_PROJECT_VERSION = 1;
				DEVELOPMENT_ASSET_PATHS = "\"BucketList/Preview Content\"";
				ENABLE_PREVIEWS = YES;
				GENERATE_INFOPLIST_FILE = YES;
				INFOPLIST_KEY_NSFaceIDUsageDescription = "Please authenticate yourself to unlock your places";
				INFOPLIST_KEY_UIApplicationSceneManifest_Generation = YES;
				INFOPLIST_KEY_UIApplicationSupportsIndirectInputEvents = YES;
				INFOPLIST_KEY_UILaunchScreen_Generation = YES;
				INFOPLIST_KEY_UISupportedInterfaceOrientations_iPad = "UIInterfaceOrientationPortrait UIInterfaceOrientationPortraitUpsideDown UIInterfaceOrientationLandscapeLeft UIInterfaceOrientationLandscapeRight";
				INFOPLIST_KEY_UISupportedInterfaceOrientations_iPhone = "UIInterfaceOrientationPortrait UIInterfaceOrientationLandscapeLeft UIInterfaceOrientationLandscapeRight";
				LD_RUNPATH_SEARCH_PATHS = (
					"$(inherited)",
					"@executable_path/Frameworks",
				);
				MARKETING_VERSION = 1.0;
				PRODUCT_BUNDLE_IDENTIFIER = elmas.BucketList;
				PRODUCT_NAME = "$(TARGET_NAME)";
				SWIFT_EMIT_LOC_STRINGS = YES;
				SWIFT_VERSION = 5.0;
				TARGETED_DEVICE_FAMILY = "1,2";
			};
			name = Debug;
		};
		505E7E732A3AE0A20056F311 /* Release */ = {
			isa = XCBuildConfiguration;
			buildSettings = {
				ASSETCATALOG_COMPILER_APPICON_NAME = AppIcon;
				ASSETCATALOG_COMPILER_GLOBAL_ACCENT_COLOR_NAME = AccentColor;
				CODE_SIGN_STYLE = Automatic;
				CURRENT_PROJECT_VERSION = 1;
				DEVELOPMENT_ASSET_PATHS = "\"BucketList/Preview Content\"";
				ENABLE_PREVIEWS = YES;
				GENERATE_INFOPLIST_FILE = YES;
				INFOPLIST_KEY_NSFaceIDUsageDescription = "Please authenticate yourself to unlock your places";
				INFOPLIST_KEY_UIApplicationSceneManifest_Generation = YES;
				INFOPLIST_KEY_UIApplicationSupportsIndirectInputEvents = YES;
				INFOPLIST_KEY_UILaunchScreen_Generation = YES;
				INFOPLIST_KEY_UISupportedInterfaceOrientations_iPad = "UIInterfaceOrientationPortrait UIInterfaceOrientationPortraitUpsideDown UIInterfaceOrientationLandscapeLeft UIInterfaceOrientationLandscapeRight";
				INFOPLIST_KEY_UISupportedInterfaceOrientations_iPhone = "UIInterfaceOrientationPortrait UIInterfaceOrientationLandscapeLeft UIInterfaceOrientationLandscapeRight";
				LD_RUNPATH_SEARCH_PATHS = (
					"$(inherited)",
					"@executable_path/Frameworks",
				);
				MARKETING_VERSION = 1.0;
				PRODUCT_BUNDLE_IDENTIFIER = elmas.BucketList;
				PRODUCT_NAME = "$(TARGET_NAME)";
				SWIFT_EMIT_LOC_STRINGS = YES;
				SWIFT_VERSION = 5.0;
				TARGETED_DEVICE_FAMILY = "1,2";
			};
			name = Release;
		};
		505E7E752A3AE0A20056F311 /* Debug */ = {
			isa = XCBuildConfiguration;
			buildSettings = {
				ALWAYS_EMBED_SWIFT_STANDARD_LIBRARIES = YES;
				BUNDLE_LOADER = "$(TEST_HOST)";
				CODE_SIGN_STYLE = Automatic;
				CURRENT_PROJECT_VERSION = 1;
				GENERATE_INFOPLIST_FILE = YES;
				IPHONEOS_DEPLOYMENT_TARGET = 16.4;
				MARKETING_VERSION = 1.0;
				PRODUCT_BUNDLE_IDENTIFIER = elmas.BucketListTests;
				PRODUCT_NAME = "$(TARGET_NAME)";
				SWIFT_EMIT_LOC_STRINGS = NO;
				SWIFT_VERSION = 5.0;
				TARGETED_DEVICE_FAMILY = "1,2";
				TEST_HOST = "$(BUILT_PRODUCTS_DIR)/BucketList.app/$(BUNDLE_EXECUTABLE_FOLDER_PATH)/BucketList";
			};
			name = Debug;
		};
		505E7E762A3AE0A20056F311 /* Release */ = {
			isa = XCBuildConfiguration;
			buildSettings = {
				ALWAYS_EMBED_SWIFT_STANDARD_LIBRARIES = YES;
				BUNDLE_LOADER = "$(TEST_HOST)";
				CODE_SIGN_STYLE = Automatic;
				CURRENT_PROJECT_VERSION = 1;
				GENERATE_INFOPLIST_FILE = YES;
				IPHONEOS_DEPLOYMENT_TARGET = 16.4;
				MARKETING_VERSION = 1.0;
				PRODUCT_BUNDLE_IDENTIFIER = elmas.BucketListTests;
				PRODUCT_NAME = "$(TARGET_NAME)";
				SWIFT_EMIT_LOC_STRINGS = NO;
				SWIFT_VERSION = 5.0;
				TARGETED_DEVICE_FAMILY = "1,2";
				TEST_HOST = "$(BUILT_PRODUCTS_DIR)/BucketList.app/$(BUNDLE_EXECUTABLE_FOLDER_PATH)/BucketList";
			};
			name = Release;
		};
		505E7E782A3AE0A20056F311 /* Debug */ = {
			isa = XCBuildConfiguration;
			buildSettings = {
				ALWAYS_EMBED_SWIFT_STANDARD_LIBRARIES = YES;
				CODE_SIGN_STYLE = Automatic;
				CURRENT_PROJECT_VERSION = 1;
				GENERATE_INFOPLIST_FILE = YES;
				MARKETING_VERSION = 1.0;
				PRODUCT_BUNDLE_IDENTIFIER = elmas.BucketListUITests;
				PRODUCT_NAME = "$(TARGET_NAME)";
				SWIFT_EMIT_LOC_STRINGS = NO;
				SWIFT_VERSION = 5.0;
				TARGETED_DEVICE_FAMILY = "1,2";
				TEST_TARGET_NAME = BucketList;
			};
			name = Debug;
		};
		505E7E792A3AE0A20056F311 /* Release */ = {
			isa = XCBuildConfiguration;
			buildSettings = {
				ALWAYS_EMBED_SWIFT_STANDARD_LIBRARIES = YES;
				CODE_SIGN_STYLE = Automatic;
				CURRENT_PROJECT_VERSION = 1;
				GENERATE_INFOPLIST_FILE = YES;
				MARKETING_VERSION = 1.0;
				PRODUCT_BUNDLE_IDENTIFIER = elmas.BucketListUITests;
				PRODUCT_NAME = "$(TARGET_NAME)";
				SWIFT_EMIT_LOC_STRINGS = NO;
				SWIFT_VERSION = 5.0;
				TARGETED_DEVICE_FAMILY = "1,2";
				TEST_TARGET_NAME = BucketList;
			};
			name = Release;
		};
/* End XCBuildConfiguration section */

/* Begin XCConfigurationList section */
		505E7E482A3AE0A10056F311 /* Build configuration list for PBXProject "BucketList" */ = {
			isa = XCConfigurationList;
			buildConfigurations = (
				505E7E6F2A3AE0A20056F311 /* Debug */,
				505E7E702A3AE0A20056F311 /* Release */,
			);
			defaultConfigurationIsVisible = 0;
			defaultConfigurationName = Release;
		};
		505E7E712A3AE0A20056F311 /* Build configuration list for PBXNativeTarget "BucketList" */ = {
			isa = XCConfigurationList;
			buildConfigurations = (
				505E7E722A3AE0A20056F311 /* Debug */,
				505E7E732A3AE0A20056F311 /* Release */,
			);
			defaultConfigurationIsVisible = 0;
			defaultConfigurationName = Release;
		};
		505E7E742A3AE0A20056F311 /* Build configuration list for PBXNativeTarget "BucketListTests" */ = {
			isa = XCConfigurationList;
			buildConfigurations = (
				505E7E752A3AE0A20056F311 /* Debug */,
				505E7E762A3AE0A20056F311 /* Release */,
			);
			defaultConfigurationIsVisible = 0;
			defaultConfigurationName = Release;
		};
		505E7E772A3AE0A20056F311 /* Build configuration list for PBXNativeTarget "BucketListUITests" */ = {
			isa = XCConfigurationList;
			buildConfigurations = (
				505E7E782A3AE0A20056F311 /* Debug */,
				505E7E792A3AE0A20056F311 /* Release */,
			);
			defaultConfigurationIsVisible = 0;
			defaultConfigurationName = Release;
		};
/* End XCConfigurationList section */
	};
	rootObject = 505E7E452A3AE0A10056F311 /* Project object */;
}
